
Microsoft Visual Studio Solution File, Format Version 12.00
# Visual Studio Version 17
VisualStudioVersion = 17.4.33205.214
MinimumVisualStudioVersion = 10.0.40219.1
Project("{9A19103F-16F7-4668-BE54-9A1E7A4F7556}") = "Chat.Api", "Chat\Chat.Api.csproj", "{735AE7B1-261D-48B6-9385-159882AEE5FB}"
EndProject
Project("{9A19103F-16F7-4668-BE54-9A1E7A4F7556}") = "Chat.DAL", "Chat.DAL\Chat.DAL.csproj", "{099DE898-FCD7-497C-A2CD-622966B54AF5}"
EndProject
Project("{9A19103F-16F7-4668-BE54-9A1E7A4F7556}") = "Chat.BLL", "Chat.BLL\Chat.BLL.csproj", "{BF301B5F-F865-4365-A598-1400EF69ABA7}"
EndProject
Project("{E53339B2-1760-4266-BCC7-CA923CBCF16C}") = "docker-compose", "docker-compose.dcproj", "{1985817B-C49A-4E38-8DBC-C4AF1BEC8030}"
EndProject
Global
	GlobalSection(SolutionConfigurationPlatforms) = preSolution
		Debug|Any CPU = Debug|Any CPU
		Release|Any CPU = Release|Any CPU
	EndGlobalSection
	GlobalSection(ProjectConfigurationPlatforms) = postSolution
		{735AE7B1-261D-48B6-9385-159882AEE5FB}.Debug|Any CPU.ActiveCfg = Debug|Any CPU
		{735AE7B1-261D-48B6-9385-159882AEE5FB}.Debug|Any CPU.Build.0 = Debug|Any CPU
		{735AE7B1-261D-48B6-9385-159882AEE5FB}.Release|Any CPU.ActiveCfg = Release|Any CPU
		{735AE7B1-261D-48B6-9385-159882AEE5FB}.Release|Any CPU.Build.0 = Release|Any CPU
		{099DE898-FCD7-497C-A2CD-622966B54AF5}.Debug|Any CPU.ActiveCfg = Debug|Any CPU
		{099DE898-FCD7-497C-A2CD-622966B54AF5}.Debug|Any CPU.Build.0 = Debug|Any CPU
		{099DE898-FCD7-497C-A2CD-622966B54AF5}.Release|Any CPU.ActiveCfg = Release|Any CPU
		{099DE898-FCD7-497C-A2CD-622966B54AF5}.Release|Any CPU.Build.0 = Release|Any CPU
		{BF301B5F-F865-4365-A598-1400EF69ABA7}.Debug|Any CPU.ActiveCfg = Debug|Any CPU
		{BF301B5F-F865-4365-A598-1400EF69ABA7}.Debug|Any CPU.Build.0 = Debug|Any CPU
		{BF301B5F-F865-4365-A598-1400EF69ABA7}.Release|Any CPU.ActiveCfg = Release|Any CPU
		{BF301B5F-F865-4365-A598-1400EF69ABA7}.Release|Any CPU.Build.0 = Release|Any CPU
		{1985817B-C49A-4E38-8DBC-C4AF1BEC8030}.Debug|Any CPU.ActiveCfg = Debug|Any CPU
		{1985817B-C49A-4E38-8DBC-C4AF1BEC8030}.Debug|Any CPU.Build.0 = Debug|Any CPU
		{1985817B-C49A-4E38-8DBC-C4AF1BEC8030}.Release|Any CPU.ActiveCfg = Release|Any CPU
		{1985817B-C49A-4E38-8DBC-C4AF1BEC8030}.Release|Any CPU.Build.0 = Release|Any CPU
	EndGlobalSection
	GlobalSection(SolutionProperties) = preSolution
		HideSolutionNode = FALSE
	EndGlobalSection
	GlobalSection(ExtensibilityGlobals) = postSolution
		SolutionGuid = {CF9F99CF-D03F-48C5-84A1-C67994F8F02E}
	EndGlobalSection
EndGlobal
